
Microsoft Visual Studio Solution File, Format Version 12.00
# Visual Studio Version 17
VisualStudioVersion = 17.3.32922.545
MinimumVisualStudioVersion = 10.0.40219.1
Project("{FAE04EC0-301F-11D3-BF4B-00C04F79EFBC}") = "la-mia-pizzeria-static", "la-mia-pizzeria-static.csproj", "{A1AEEAB4-B0AD-4C5F-A53C-40B9504E8C97}"
EndProject
Global
	GlobalSection(SolutionConfigurationPlatforms) = preSolution
		Debug|Any CPU = Debug|Any CPU
		Release|Any CPU = Release|Any CPU
	EndGlobalSection
	GlobalSection(ProjectConfigurationPlatforms) = postSolution
		{A1AEEAB4-B0AD-4C5F-A53C-40B9504E8C97}.Debug|Any CPU.ActiveCfg = Debug|Any CPU
		{A1AEEAB4-B0AD-4C5F-A53C-40B9504E8C97}.Debug|Any CPU.Build.0 = Debug|Any CPU
		{A1AEEAB4-B0AD-4C5F-A53C-40B9504E8C97}.Release|Any CPU.ActiveCfg = Release|Any CPU
		{A1AEEAB4-B0AD-4C5F-A53C-40B9504E8C97}.Release|Any CPU.Build.0 = Release|Any CPU
	EndGlobalSection
	GlobalSection(SolutionProperties) = preSolution
		HideSolutionNode = FALSE
	EndGlobalSection
	GlobalSection(ExtensibilityGlobals) = postSolution
		SolutionGuid = {DD557B3E-42DF-44FC-AF14-1D33CE28858D}
	EndGlobalSection
EndGlobal
